
Microsoft Visual Studio Solution File, Format Version 12.00
# Visual Studio Version 17
VisualStudioVersion = 17.1.32414.318
MinimumVisualStudioVersion = 10.0.40219.1
Project("{FAE04EC0-301F-11D3-BF4B-00C04F79EFBC}") = "eTickets", "eTickets\eTickets.csproj", "{0B7B903F-CA7C-4B31-B77C-A40A8BFF0781}"
EndProject
Global
	GlobalSection(SolutionConfigurationPlatforms) = preSolution
		Debug|Any CPU = Debug|Any CPU
		Release|Any CPU = Release|Any CPU
	EndGlobalSection
	GlobalSection(ProjectConfigurationPlatforms) = postSolution
		{0B7B903F-CA7C-4B31-B77C-A40A8BFF0781}.Debug|Any CPU.ActiveCfg = Debug|Any CPU
		{0B7B903F-CA7C-4B31-B77C-A40A8BFF0781}.Debug|Any CPU.Build.0 = Debug|Any CPU
		{0B7B903F-CA7C-4B31-B77C-A40A8BFF0781}.Release|Any CPU.ActiveCfg = Release|Any CPU
		{0B7B903F-CA7C-4B31-B77C-A40A8BFF0781}.Release|Any CPU.Build.0 = Release|Any CPU
	EndGlobalSection
	GlobalSection(SolutionProperties) = preSolution
		HideSolutionNode = FALSE
	EndGlobalSection
	GlobalSection(ExtensibilityGlobals) = postSolution
		SolutionGuid = {AFB439A2-9928-4749-91B1-27DCDB62C994}
	EndGlobalSection
EndGlobal
